// !$*UTF8*$!
{
	archiveVersion = 1;
	classes = {
	};
	objectVersion = 46;
	objects = {

/* Begin PBXBuildFile section */
		65A57BB31410E57600B22EFA /* libopenxds_core_adt_std.dylib in Frameworks */ = {isa = PBXBuildFile; fileRef = 65A57BB01410E57600B22EFA /* libopenxds_core_adt_std.dylib */; };
		65A57BB41410E57600B22EFA /* libopenxds_core_adt.dylib in Frameworks */ = {isa = PBXBuildFile; fileRef = 65A57BB11410E57600B22EFA /* libopenxds_core_adt.dylib */; };
		65A57BB51410E57600B22EFA /* libopenxds_core_base.dylib in Frameworks */ = {isa = PBXBuildFile; fileRef = 65A57BB21410E57600B22EFA /* libopenxds_core_base.dylib */; };
		65A57BD01410E61C00B22EFA /* Directory.h in Headers */ = {isa = PBXBuildFile; fileRef = 65A57BBC1410E61C00B22EFA /* Directory.h */; settings = {ATTRIBUTES = (Public, ); }; };
		65A57BD11410E61C00B22EFA /* File.h in Headers */ = {isa = PBXBuildFile; fileRef = 65A57BBD1410E61C00B22EFA /* File.h */; settings = {ATTRIBUTES = (Public, ); }; };
		65A57BD21410E61C00B22EFA /* Link.h in Headers */ = {isa = PBXBuildFile; fileRef = 65A57BBE1410E61C00B22EFA /* Link.h */; settings = {ATTRIBUTES = (Public, ); }; };
		65A57BD31410E61C00B22EFA /* Path.h in Headers */ = {isa = PBXBuildFile; fileRef = 65A57BBF1410E61C00B22EFA /* Path.h */; settings = {ATTRIBUTES = (Public, ); }; };
		65A57BD41410E61C00B22EFA /* openxds.core.io.h in Headers */ = {isa = PBXBuildFile; fileRef = 65A57BC01410E61C00B22EFA /* openxds.core.io.h */; settings = {ATTRIBUTES = (Public, ); }; };
		65A57BD51410E61C00B22EFA /* DirectoryBase.c in Sources */ = {isa = PBXBuildFile; fileRef = 65A57BC31410E61C00B22EFA /* DirectoryBase.c */; };
		65A57BD61410E61C00B22EFA /* FileBase.c in Sources */ = {isa = PBXBuildFile; fileRef = 65A57BC41410E61C00B22EFA /* FileBase.c */; };
		65A57BD71410E61C00B22EFA /* PathBase.c in Sources */ = {isa = PBXBuildFile; fileRef = 65A57BC61410E61C00B22EFA /* PathBase.c */; };
		65A57BD81410E61C00B22EFA /* Directory.c in Sources */ = {isa = PBXBuildFile; fileRef = 65A57BC81410E61C00B22EFA /* Directory.c */; };
		65A57BD91410E61C00B22EFA /* File.c in Sources */ = {isa = PBXBuildFile; fileRef = 65A57BC91410E61C00B22EFA /* File.c */; };
		65A57BDA1410E61C00B22EFA /* Path.c in Sources */ = {isa = PBXBuildFile; fileRef = 65A57BCA1410E61C00B22EFA /* Path.c */; };
		65A57BDB1410E61C00B22EFA /* Directory.private.h in Headers */ = {isa = PBXBuildFile; fileRef = 65A57BCD1410E61C00B22EFA /* Directory.private.h */; };
		65A57BDC1410E61C00B22EFA /* File.private.h in Headers */ = {isa = PBXBuildFile; fileRef = 65A57BCE1410E61C00B22EFA /* File.private.h */; };
		65A57BDD1410E61C00B22EFA /* Path.private.h in Headers */ = {isa = PBXBuildFile; fileRef = 65A57BCF1410E61C00B22EFA /* Path.private.h */; };
/* End PBXBuildFile section */

/* Begin PBXFileReference section */
		65A57BA91410E4FE00B22EFA /* libopenxds_core_io.dylib */ = {isa = PBXFileReference; explicitFileType = "compiled.mach-o.dylib"; includeInIndex = 0; path = libopenxds_core_io.dylib; sourceTree = BUILT_PRODUCTS_DIR; };
		65A57BB01410E57600B22EFA /* libopenxds_core_adt_std.dylib */ = {isa = PBXFileReference; lastKnownFileType = "compiled.mach-o.dylib"; name = libopenxds_core_adt_std.dylib; path = "../../../../Library/Developer/Xcode/DerivedData/OpenXDS_Core-ddngyhwizqcklfcpdoxvjkawmgzn/Build/Products/Debug/libopenxds_core_adt_std.dylib"; sourceTree = "<group>"; };
		65A57BB11410E57600B22EFA /* libopenxds_core_adt.dylib */ = {isa = PBXFileReference; lastKnownFileType = "compiled.mach-o.dylib"; name = libopenxds_core_adt.dylib; path = "../../../../Library/Developer/Xcode/DerivedData/OpenXDS_Core-ddngyhwizqcklfcpdoxvjkawmgzn/Build/Products/Debug/libopenxds_core_adt.dylib"; sourceTree = "<group>"; };
		65A57BB21410E57600B22EFA /* libopenxds_core_base.dylib */ = {isa = PBXFileReference; lastKnownFileType = "compiled.mach-o.dylib"; name = libopenxds_core_base.dylib; path = "../../../../Library/Developer/Xcode/DerivedData/OpenXDS_Core-ddngyhwizqcklfcpdoxvjkawmgzn/Build/Products/Debug/libopenxds_core_base.dylib"; sourceTree = "<group>"; };
		65A57BB71410E61C00B22EFA /* libopenxds_core_adt.link */ = {isa = PBXFileReference; fileEncoding = 4; lastKnownFileType = text; path = libopenxds_core_adt.link; sourceTree = "<group>"; };
		65A57BB81410E61C00B22EFA /* libopenxds_core_adt_std.link */ = {isa = PBXFileReference; fileEncoding = 4; lastKnownFileType = text; path = libopenxds_core_adt_std.link; sourceTree = "<group>"; };
		65A57BB91410E61C00B22EFA /* libopenxds_core_base.link */ = {isa = PBXFileReference; fileEncoding = 4; lastKnownFileType = text; path = libopenxds_core_base.link; sourceTree = "<group>"; };
		65A57BBC1410E61C00B22EFA /* Directory.h */ = {isa = PBXFileReference; fileEncoding = 4; lastKnownFileType = sourcecode.c.h; path = Directory.h; sourceTree = "<group>"; };
		65A57BBD1410E61C00B22EFA /* File.h */ = {isa = PBXFileReference; fileEncoding = 4; lastKnownFileType = sourcecode.c.h; path = File.h; sourceTree = "<group>"; };
		65A57BBE1410E61C00B22EFA /* Link.h */ = {isa = PBXFileReference; fileEncoding = 4; lastKnownFileType = sourcecode.c.h; path = Link.h; sourceTree = "<group>"; };
		65A57BBF1410E61C00B22EFA /* Path.h */ = {isa = PBXFileReference; fileEncoding = 4; lastKnownFileType = sourcecode.c.h; path = Path.h; sourceTree = "<group>"; };
		65A57BC01410E61C00B22EFA /* openxds.core.io.h */ = {isa = PBXFileReference; fileEncoding = 4; lastKnownFileType = sourcecode.c.h; path = openxds.core.io.h; sourceTree = "<group>"; };
		65A57BC31410E61C00B22EFA /* DirectoryBase.c */ = {isa = PBXFileReference; fileEncoding = 4; lastKnownFileType = sourcecode.c.c; path = DirectoryBase.c; sourceTree = "<group>"; };
		65A57BC41410E61C00B22EFA /* FileBase.c */ = {isa = PBXFileReference; fileEncoding = 4; lastKnownFileType = sourcecode.c.c; path = FileBase.c; sourceTree = "<group>"; };
		65A57BC51410E61C00B22EFA /* Link.c.bak */ = {isa = PBXFileReference; fileEncoding = 4; lastKnownFileType = text; path = Link.c.bak; sourceTree = "<group>"; };
		65A57BC61410E61C00B22EFA /* PathBase.c */ = {isa = PBXFileReference; fileEncoding = 4; lastKnownFileType = sourcecode.c.c; path = PathBase.c; sourceTree = "<group>"; };
		65A57BC81410E61C00B22EFA /* Directory.c */ = {isa = PBXFileReference; fileEncoding = 4; lastKnownFileType = sourcecode.c.c; path = Directory.c; sourceTree = "<group>"; };
		65A57BC91410E61C00B22EFA /* File.c */ = {isa = PBXFileReference; fileEncoding = 4; lastKnownFileType = sourcecode.c.c; path = File.c; sourceTree = "<group>"; };
		65A57BCA1410E61C00B22EFA /* Path.c */ = {isa = PBXFileReference; fileEncoding = 4; lastKnownFileType = sourcecode.c.c; path = Path.c; sourceTree = "<group>"; };
		65A57BCD1410E61C00B22EFA /* Directory.private.h */ = {isa = PBXFileReference; fileEncoding = 4; lastKnownFileType = sourcecode.c.h; path = Directory.private.h; sourceTree = "<group>"; };
		65A57BCE1410E61C00B22EFA /* File.private.h */ = {isa = PBXFileReference; fileEncoding = 4; lastKnownFileType = sourcecode.c.h; path = File.private.h; sourceTree = "<group>"; };
		65A57BCF1410E61C00B22EFA /* Path.private.h */ = {isa = PBXFileReference; fileEncoding = 4; lastKnownFileType = sourcecode.c.h; path = Path.private.h; sourceTree = "<group>"; };
/* End PBXFileReference section */

/* Begin PBXFrameworksBuildPhase section */
		65A57BA61410E4FE00B22EFA /* Frameworks */ = {
			isa = PBXFrameworksBuildPhase;
			buildActionMask = 2147483647;
			files = (
				65A57BB31410E57600B22EFA /* libopenxds_core_adt_std.dylib in Frameworks */,
				65A57BB41410E57600B22EFA /* libopenxds_core_adt.dylib in Frameworks */,
				65A57BB51410E57600B22EFA /* libopenxds_core_base.dylib in Frameworks */,
			);
			runOnlyForDeploymentPostprocessing = 0;
		};
/* End PBXFrameworksBuildPhase section */

/* Begin PBXGroup section */
		65A57B9E1410E4FE00B22EFA = {
			isa = PBXGroup;
			children = (
				65A57BB61410E61C00B22EFA /* dep */,
				65A57BBA1410E61C00B22EFA /* include */,
				65A57BC11410E61C00B22EFA /* source */,
				65A57BB21410E57600B22EFA /* libopenxds_core_base.dylib */,
				65A57BB11410E57600B22EFA /* libopenxds_core_adt.dylib */,
				65A57BB01410E57600B22EFA /* libopenxds_core_adt_std.dylib */,
				65A57BAA1410E4FE00B22EFA /* Products */,
			);
			sourceTree = "<group>";
		};
		65A57BAA1410E4FE00B22EFA /* Products */ = {
			isa = PBXGroup;
			children = (
				65A57BA91410E4FE00B22EFA /* libopenxds_core_io.dylib */,
			);
			name = Products;
			sourceTree = "<group>";
		};
		65A57BB61410E61C00B22EFA /* dep */ = {
			isa = PBXGroup;
			children = (
				65A57BB71410E61C00B22EFA /* libopenxds_core_adt.link */,
				65A57BB81410E61C00B22EFA /* libopenxds_core_adt_std.link */,
				65A57BB91410E61C00B22EFA /* libopenxds_core_base.link */,
			);
			path = dep;
			sourceTree = "<group>";
		};
		65A57BBA1410E61C00B22EFA /* include */ = {
			isa = PBXGroup;
			children = (
				65A57BBB1410E61C00B22EFA /* openxds.core.io */,
				65A57BC01410E61C00B22EFA /* openxds.core.io.h */,
			);
			path = include;
			sourceTree = "<group>";
		};
		65A57BBB1410E61C00B22EFA /* openxds.core.io */ = {
			isa = PBXGroup;
			children = (
				65A57BBC1410E61C00B22EFA /* Directory.h */,
				65A57BBD1410E61C00B22EFA /* File.h */,
				65A57BBE1410E61C00B22EFA /* Link.h */,
				65A57BBF1410E61C00B22EFA /* Path.h */,
			);
			path = openxds.core.io;
			sourceTree = "<group>";
		};
		65A57BC11410E61C00B22EFA /* source */ = {
			isa = PBXGroup;
			children = (
				65A57BC21410E61C00B22EFA /* c */,
				65A57BCB1410E61C00B22EFA /* include */,
			);
			path = source;
			sourceTree = "<group>";
		};
		65A57BC21410E61C00B22EFA /* c */ = {
			isa = PBXGroup;
			children = (
				65A57BC31410E61C00B22EFA /* DirectoryBase.c */,
				65A57BC41410E61C00B22EFA /* FileBase.c */,
				65A57BC51410E61C00B22EFA /* Link.c.bak */,
				65A57BC61410E61C00B22EFA /* PathBase.c */,
				65A57BC71410E61C00B22EFA /* posix */,
			);
			path = c;
			sourceTree = "<group>";
		};
		65A57BC71410E61C00B22EFA /* posix */ = {
			isa = PBXGroup;
			children = (
				65A57BC81410E61C00B22EFA /* Directory.c */,
				65A57BC91410E61C00B22EFA /* File.c */,
				65A57BCA1410E61C00B22EFA /* Path.c */,
			);
			path = posix;
			sourceTree = "<group>";
		};
		65A57BCB1410E61C00B22EFA /* include */ = {
			isa = PBXGroup;
			children = (
				65A57BCC1410E61C00B22EFA /* openxds.core.io */,
			);
			path = include;
			sourceTree = "<group>";
		};
		65A57BCC1410E61C00B22EFA /* openxds.core.io */ = {
			isa = PBXGroup;
			children = (
				65A57BCD1410E61C00B22EFA /* Directory.private.h */,
				65A57BCE1410E61C00B22EFA /* File.private.h */,
				65A57BCF1410E61C00B22EFA /* Path.private.h */,
			);
			path = openxds.core.io;
			sourceTree = "<group>";
		};
/* End PBXGroup section */

/* Begin PBXHeadersBuildPhase section */
		65A57BA71410E4FE00B22EFA /* Headers */ = {
			isa = PBXHeadersBuildPhase;
			buildActionMask = 2147483647;
			files = (
				65A57BD01410E61C00B22EFA /* Directory.h in Headers */,
				65A57BD11410E61C00B22EFA /* File.h in Headers */,
				65A57BD21410E61C00B22EFA /* Link.h in Headers */,
				65A57BD31410E61C00B22EFA /* Path.h in Headers */,
				65A57BD41410E61C00B22EFA /* openxds.core.io.h in Headers */,
				65A57BDB1410E61C00B22EFA /* Directory.private.h in Headers */,
				65A57BDC1410E61C00B22EFA /* File.private.h in Headers */,
				65A57BDD1410E61C00B22EFA /* Path.private.h in Headers */,
			);
			runOnlyForDeploymentPostprocessing = 0;
		};
/* End PBXHeadersBuildPhase section */

/* Begin PBXNativeTarget section */
		65A57BA81410E4FE00B22EFA /* libopenxds_core_io */ = {
			isa = PBXNativeTarget;
			buildConfigurationList = 65A57BAD1410E4FE00B22EFA /* Build configuration list for PBXNativeTarget "libopenxds_core_io" */;
			buildPhases = (
				65A57BA51410E4FE00B22EFA /* Sources */,
				65A57BA61410E4FE00B22EFA /* Frameworks */,
				65A57BA71410E4FE00B22EFA /* Headers */,
			);
			buildRules = (
			);
			dependencies = (
			);
			name = libopenxds_core_io;
			productName = libopenxds_core_io;
			productReference = 65A57BA91410E4FE00B22EFA /* libopenxds_core_io.dylib */;
			productType = "com.apple.product-type.library.dynamic";
		};
/* End PBXNativeTarget section */

/* Begin PBXProject section */
		65A57BA01410E4FE00B22EFA /* Project object */ = {
			isa = PBXProject;
			attributes = {
				LastUpgradeCheck = 0420;
			};
			buildConfigurationList = 65A57BA31410E4FE00B22EFA /* Build configuration list for PBXProject "libopenxds_core_io" */;
			compatibilityVersion = "Xcode 3.2";
			developmentRegion = English;
			hasScannedForEncodings = 0;
			knownRegions = (
				en,
			);
			mainGroup = 65A57B9E1410E4FE00B22EFA;
			productRefGroup = 65A57BAA1410E4FE00B22EFA /* Products */;
			projectDirPath = "";
			projectRoot = "";
			targets = (
				65A57BA81410E4FE00B22EFA /* libopenxds_core_io */,
			);
		};
/* End PBXProject section */

/* Begin PBXSourcesBuildPhase section */
		65A57BA51410E4FE00B22EFA /* Sources */ = {
			isa = PBXSourcesBuildPhase;
			buildActionMask = 2147483647;
			files = (
				65A57BD51410E61C00B22EFA /* DirectoryBase.c in Sources */,
				65A57BD61410E61C00B22EFA /* FileBase.c in Sources */,
				65A57BD71410E61C00B22EFA /* PathBase.c in Sources */,
				65A57BD81410E61C00B22EFA /* Directory.c in Sources */,
				65A57BD91410E61C00B22EFA /* File.c in Sources */,
				65A57BDA1410E61C00B22EFA /* Path.c in Sources */,
			);
			runOnlyForDeploymentPostprocessing = 0;
		};
/* End PBXSourcesBuildPhase section */

/* Begin XCBuildConfiguration section */
		65A57BAB1410E4FE00B22EFA /* Debug */ = {
			isa = XCBuildConfiguration;
			buildSettings = {
				ALWAYS_SEARCH_USER_PATHS = YES;
				ARCHS = "$(ARCHS_STANDARD_64_BIT)";
				COPY_PHASE_STRIP = NO;
				GCC_C_LANGUAGE_STANDARD = gnu99;
				GCC_DYNAMIC_NO_PIC = NO;
				GCC_ENABLE_OBJC_EXCEPTIONS = YES;
				GCC_OPTIMIZATION_LEVEL = 0;
				GCC_PREPROCESSOR_DEFINITIONS = (
					"DEBUG=1",
					"$(inherited)",
				);
				GCC_SYMBOLS_PRIVATE_EXTERN = NO;
				GCC_VERSION = com.apple.compilers.llvm.clang.1_0;
				GCC_WARN_64_TO_32_BIT_CONVERSION = YES;
				GCC_WARN_ABOUT_MISSING_PROTOTYPES = YES;
				GCC_WARN_ABOUT_RETURN_TYPE = YES;
				GCC_WARN_UNUSED_VARIABLE = YES;
				HEADER_SEARCH_PATHS = "../../../OpenXDS_Core/0.x/libopenxds_core_provider/include\n../../../OpenXDS_Core/0.x/libopenxds_core_base/include\n../../../OpenXDS_Core/0.x/libopenxds_core_threads/include\n../../../OpenXDS_Core/0.x/libopenxds_core_adt/include\n../../../OpenXDS_Core/0.x/libopenxds_core_adt_std/include";
				MACOSX_DEPLOYMENT_TARGET = 10.6;
				ONLY_ACTIVE_ARCH = YES;
				SDKROOT = macosx;
				USER_HEADER_SEARCH_PATHS = "source/include include";
			};
			name = Debug;
		};
		65A57BAC1410E4FE00B22EFA /* Release */ = {
			isa = XCBuildConfiguration;
			buildSettings = {
				ALWAYS_SEARCH_USER_PATHS = YES;
				ARCHS = "$(ARCHS_STANDARD_64_BIT)";
				COPY_PHASE_STRIP = YES;
				DEBUG_INFORMATION_FORMAT = "dwarf-with-dsym";
				GCC_C_LANGUAGE_STANDARD = gnu99;
				GCC_ENABLE_OBJC_EXCEPTIONS = YES;
				GCC_VERSION = com.apple.compilers.llvm.clang.1_0;
				GCC_WARN_64_TO_32_BIT_CONVERSION = YES;
				GCC_WARN_ABOUT_MISSING_PROTOTYPES = YES;
				GCC_WARN_ABOUT_RETURN_TYPE = YES;
				GCC_WARN_UNUSED_VARIABLE = YES;
				HEADER_SEARCH_PATHS = "../../../OpenXDS_Core/0.x/libopenxds_core_provider/include\n../../../OpenXDS_Core/0.x/libopenxds_core_base/include\n../../../OpenXDS_Core/0.x/libopenxds_core_threads/include\n../../../OpenXDS_Core/0.x/libopenxds_core_adt/include\n../../../OpenXDS_Core/0.x/libopenxds_core_adt_std/include";
				MACOSX_DEPLOYMENT_TARGET = 10.6;
				SDKROOT = macosx;
				USER_HEADER_SEARCH_PATHS = "source/include include";
			};
			name = Release;
		};
		65A57BAE1410E4FE00B22EFA /* Debug */ = {
			isa = XCBuildConfiguration;
			buildSettings = {
				EXECUTABLE_PREFIX = "";
				LIBRARY_SEARCH_PATHS = "$(inherited)";
				PRODUCT_NAME = "$(TARGET_NAME)";
			};
			name = Debug;
		};
		65A57BAF1410E4FE00B22EFA /* Release */ = {
			isa = XCBuildConfiguration;
			buildSettings = {
				EXECUTABLE_PREFIX = "";
				LIBRARY_SEARCH_PATHS = "$(inherited)";
				PRODUCT_NAME = "$(TARGET_NAME)";
			};
			name = Release;
		};
/* End XCBuildConfiguration section */

/* Begin XCConfigurationList section */
		65A57BA31410E4FE00B22EFA /* Build configuration list for PBXProject "libopenxds_core_io" */ = {
			isa = XCConfigurationList;
			buildConfigurations = (
				65A57BAB1410E4FE00B22EFA /* Debug */,
				65A57BAC1410E4FE00B22EFA /* Release */,
			);
			defaultConfigurationIsVisible = 0;
			defaultConfigurationName = Release;
		};
		65A57BAD1410E4FE00B22EFA /* Build configuration list for PBXNativeTarget "libopenxds_core_io" */ = {
			isa = XCConfigurationList;
			buildConfigurations = (
				65A57BAE1410E4FE00B22EFA /* Debug */,
				65A57BAF1410E4FE00B22EFA /* Release */,
			);
			defaultConfigurationIsVisible = 0;
			defaultConfigurationName = Release;
		};
/* End XCConfigurationList section */
	};
	rootObject = 65A57BA01410E4FE00B22EFA /* Project object */;
}
