// !$*UTF8*$!
{
	archiveVersion = 1;
	classes = {
	};
	objectVersion = 46;
	objects = {

/* Begin PBXBuildFile section */
		65A57B651410BC9800B22EFA /* Provider.h in Headers */ = {isa = PBXBuildFile; fileRef = 65A57B551410BC9700B22EFA /* Provider.h */; };
		65A57B661410BC9800B22EFA /* ProviderInstance.h in Headers */ = {isa = PBXBuildFile; fileRef = 65A57B561410BC9700B22EFA /* ProviderInstance.h */; };
		65A57B671410BC9800B22EFA /* exportlite.h in Headers */ = {isa = PBXBuildFile; fileRef = 65A57B571410BC9700B22EFA /* exportlite.h */; };
		65A57B681410BC9800B22EFA /* openxds.core.provider.h in Headers */ = {isa = PBXBuildFile; fileRef = 65A57B581410BC9700B22EFA /* openxds.core.provider.h */; };
		65A57B691410BC9800B22EFA /* Provider.c in Sources */ = {isa = PBXBuildFile; fileRef = 65A57B5D1410BC9700B22EFA /* Provider.c */; };
		65A57B6B1410BC9800B22EFA /* Provider.private.h in Headers */ = {isa = PBXBuildFile; fileRef = 65A57B621410BC9700B22EFA /* Provider.private.h */; };
/* End PBXBuildFile section */

/* Begin PBXFileReference section */
		65A57B4B1410BC6C00B22EFA /* libopenxds_core_provider.dylib */ = {isa = PBXFileReference; explicitFileType = "compiled.mach-o.dylib"; includeInIndex = 0; path = libopenxds_core_provider.dylib; sourceTree = BUILT_PRODUCTS_DIR; };
		65A57B551410BC9700B22EFA /* Provider.h */ = {isa = PBXFileReference; fileEncoding = 4; lastKnownFileType = sourcecode.c.h; path = Provider.h; sourceTree = "<group>"; };
		65A57B561410BC9700B22EFA /* ProviderInstance.h */ = {isa = PBXFileReference; fileEncoding = 4; lastKnownFileType = sourcecode.c.h; path = ProviderInstance.h; sourceTree = "<group>"; };
		65A57B571410BC9700B22EFA /* exportlite.h */ = {isa = PBXFileReference; fileEncoding = 4; lastKnownFileType = sourcecode.c.h; path = exportlite.h; sourceTree = "<group>"; };
		65A57B581410BC9700B22EFA /* openxds.core.provider.h */ = {isa = PBXFileReference; fileEncoding = 4; lastKnownFileType = sourcecode.c.h; path = openxds.core.provider.h; sourceTree = "<group>"; };
		65A57B5D1410BC9700B22EFA /* Provider.c */ = {isa = PBXFileReference; fileEncoding = 4; lastKnownFileType = sourcecode.c.c; path = Provider.c; sourceTree = "<group>"; };
		65A57B621410BC9700B22EFA /* Provider.private.h */ = {isa = PBXFileReference; fileEncoding = 4; lastKnownFileType = sourcecode.c.h; path = Provider.private.h; sourceTree = "<group>"; };
		65A57B641410BC9700B22EFA /* libdl.so.2.link */ = {isa = PBXFileReference; fileEncoding = 4; lastKnownFileType = text; path = libdl.so.2.link; sourceTree = "<group>"; };
/* End PBXFileReference section */

/* Begin PBXFrameworksBuildPhase section */
		65A57B481410BC6C00B22EFA /* Frameworks */ = {
			isa = PBXFrameworksBuildPhase;
			buildActionMask = 2147483647;
			files = (
			);
			runOnlyForDeploymentPostprocessing = 0;
		};
/* End PBXFrameworksBuildPhase section */

/* Begin PBXGroup section */
		65A57B401410BC6C00B22EFA = {
			isa = PBXGroup;
			children = (
				65A57B521410BC9700B22EFA /* dep */,
				65A57B531410BC9700B22EFA /* include */,
				65A57B591410BC9700B22EFA /* source */,
				65A57B4C1410BC6C00B22EFA /* Products */,
			);
			sourceTree = "<group>";
		};
		65A57B4C1410BC6C00B22EFA /* Products */ = {
			isa = PBXGroup;
			children = (
				65A57B4B1410BC6C00B22EFA /* libopenxds_core_provider.dylib */,
			);
			name = Products;
			sourceTree = "<group>";
		};
		65A57B521410BC9700B22EFA /* dep */ = {
			isa = PBXGroup;
			children = (
			);
			path = dep;
			sourceTree = "<group>";
		};
		65A57B531410BC9700B22EFA /* include */ = {
			isa = PBXGroup;
			children = (
				65A57B541410BC9700B22EFA /* openxds.core.provider */,
				65A57B581410BC9700B22EFA /* openxds.core.provider.h */,
			);
			path = include;
			sourceTree = "<group>";
		};
		65A57B541410BC9700B22EFA /* openxds.core.provider */ = {
			isa = PBXGroup;
			children = (
				65A57B551410BC9700B22EFA /* Provider.h */,
				65A57B561410BC9700B22EFA /* ProviderInstance.h */,
				65A57B571410BC9700B22EFA /* exportlite.h */,
			);
			path = openxds.core.provider;
			sourceTree = "<group>";
		};
		65A57B591410BC9700B22EFA /* source */ = {
			isa = PBXGroup;
			children = (
				65A57B5A1410BC9700B22EFA /* c */,
				65A57B601410BC9700B22EFA /* include */,
				65A57B631410BC9700B22EFA /* lib */,
			);
			path = source;
			sourceTree = "<group>";
		};
		65A57B5A1410BC9700B22EFA /* c */ = {
			isa = PBXGroup;
			children = (
				65A57B5B1410BC9700B22EFA /* darwin */,
				65A57B5C1410BC9700B22EFA /* posix */,
			);
			path = c;
			sourceTree = "<group>";
		};
		65A57B5B1410BC9700B22EFA /* darwin */ = {
			isa = PBXGroup;
			children = (
			);
			path = darwin;
			sourceTree = "<group>";
		};
		65A57B5C1410BC9700B22EFA /* posix */ = {
			isa = PBXGroup;
			children = (
				65A57B5D1410BC9700B22EFA /* Provider.c */,
			);
			path = posix;
			sourceTree = "<group>";
		};
		65A57B601410BC9700B22EFA /* include */ = {
			isa = PBXGroup;
			children = (
				65A57B611410BC9700B22EFA /* openxds.core.provider */,
			);
			path = include;
			sourceTree = "<group>";
		};
		65A57B611410BC9700B22EFA /* openxds.core.provider */ = {
			isa = PBXGroup;
			children = (
				65A57B621410BC9700B22EFA /* Provider.private.h */,
			);
			path = openxds.core.provider;
			sourceTree = "<group>";
		};
		65A57B631410BC9700B22EFA /* lib */ = {
			isa = PBXGroup;
			children = (
				65A57B641410BC9700B22EFA /* libdl.so.2.link */,
			);
			path = lib;
			sourceTree = "<group>";
		};
/* End PBXGroup section */

/* Begin PBXHeadersBuildPhase section */
		65A57B491410BC6C00B22EFA /* Headers */ = {
			isa = PBXHeadersBuildPhase;
			buildActionMask = 2147483647;
			files = (
				65A57B651410BC9800B22EFA /* Provider.h in Headers */,
				65A57B661410BC9800B22EFA /* ProviderInstance.h in Headers */,
				65A57B671410BC9800B22EFA /* exportlite.h in Headers */,
				65A57B681410BC9800B22EFA /* openxds.core.provider.h in Headers */,
				65A57B6B1410BC9800B22EFA /* Provider.private.h in Headers */,
			);
			runOnlyForDeploymentPostprocessing = 0;
		};
/* End PBXHeadersBuildPhase section */

/* Begin PBXNativeTarget section */
		65A57B4A1410BC6C00B22EFA /* libopenxds_core_provider */ = {
			isa = PBXNativeTarget;
			buildConfigurationList = 65A57B4F1410BC6C00B22EFA /* Build configuration list for PBXNativeTarget "libopenxds_core_provider" */;
			buildPhases = (
				65A57B471410BC6C00B22EFA /* Sources */,
				65A57B481410BC6C00B22EFA /* Frameworks */,
				65A57B491410BC6C00B22EFA /* Headers */,
			);
			buildRules = (
			);
			dependencies = (
			);
			name = libopenxds_core_provider;
			productName = libopenxds_core_provider;
			productReference = 65A57B4B1410BC6C00B22EFA /* libopenxds_core_provider.dylib */;
			productType = "com.apple.product-type.library.dynamic";
		};
/* End PBXNativeTarget section */

/* Begin PBXProject section */
		65A57B421410BC6C00B22EFA /* Project object */ = {
			isa = PBXProject;
			buildConfigurationList = 65A57B451410BC6C00B22EFA /* Build configuration list for PBXProject "libopenxds_core_provider" */;
			compatibilityVersion = "Xcode 3.2";
			developmentRegion = English;
			hasScannedForEncodings = 0;
			knownRegions = (
				en,
			);
			mainGroup = 65A57B401410BC6C00B22EFA;
			productRefGroup = 65A57B4C1410BC6C00B22EFA /* Products */;
			projectDirPath = "";
			projectRoot = "";
			targets = (
				65A57B4A1410BC6C00B22EFA /* libopenxds_core_provider */,
			);
		};
/* End PBXProject section */

/* Begin PBXSourcesBuildPhase section */
		65A57B471410BC6C00B22EFA /* Sources */ = {
			isa = PBXSourcesBuildPhase;
			buildActionMask = 2147483647;
			files = (
				65A57B691410BC9800B22EFA /* Provider.c in Sources */,
			);
			runOnlyForDeploymentPostprocessing = 0;
		};
/* End PBXSourcesBuildPhase section */

/* Begin XCBuildConfiguration section */
		65A57B4D1410BC6C00B22EFA /* Debug */ = {
			isa = XCBuildConfiguration;
			buildSettings = {
				ALWAYS_SEARCH_USER_PATHS = YES;
				ARCHS = "$(ARCHS_STANDARD_64_BIT)";
				COPY_PHASE_STRIP = NO;
				GCC_C_LANGUAGE_STANDARD = gnu99;
				GCC_DYNAMIC_NO_PIC = NO;
				GCC_ENABLE_OBJC_EXCEPTIONS = YES;
				GCC_OPTIMIZATION_LEVEL = 0;
				GCC_PREPROCESSOR_DEFINITIONS = (
					"DEBUG=1",
					"$(inherited)",
				);
				GCC_SYMBOLS_PRIVATE_EXTERN = NO;
				GCC_VERSION = com.apple.compilers.llvm.clang.1_0;
				GCC_WARN_64_TO_32_BIT_CONVERSION = YES;
				GCC_WARN_ABOUT_MISSING_PROTOTYPES = YES;
				GCC_WARN_ABOUT_RETURN_TYPE = YES;
				GCC_WARN_UNUSED_VARIABLE = YES;
				HEADER_SEARCH_PATHS = (
					source/include,
					include,
				);
				MACOSX_DEPLOYMENT_TARGET = 10.6;
				ONLY_ACTIVE_ARCH = YES;
				SDKROOT = macosx;
			};
			name = Debug;
		};
		65A57B4E1410BC6C00B22EFA /* Release */ = {
			isa = XCBuildConfiguration;
			buildSettings = {
				ALWAYS_SEARCH_USER_PATHS = YES;
				ARCHS = "$(ARCHS_STANDARD_64_BIT)";
				COPY_PHASE_STRIP = YES;
				DEBUG_INFORMATION_FORMAT = "dwarf-with-dsym";
				GCC_C_LANGUAGE_STANDARD = gnu99;
				GCC_ENABLE_OBJC_EXCEPTIONS = YES;
				GCC_VERSION = com.apple.compilers.llvm.clang.1_0;
				GCC_WARN_64_TO_32_BIT_CONVERSION = YES;
				GCC_WARN_ABOUT_MISSING_PROTOTYPES = YES;
				GCC_WARN_ABOUT_RETURN_TYPE = YES;
				GCC_WARN_UNUSED_VARIABLE = YES;
				HEADER_SEARCH_PATHS = (
					source/include,
					include,
				);
				MACOSX_DEPLOYMENT_TARGET = 10.6;
				SDKROOT = macosx;
			};
			name = Release;
		};
		65A57B501410BC6C00B22EFA /* Debug */ = {
			isa = XCBuildConfiguration;
			buildSettings = {
				EXECUTABLE_PREFIX = "";
				PRODUCT_NAME = "$(TARGET_NAME)";
			};
			name = Debug;
		};
		65A57B511410BC6C00B22EFA /* Release */ = {
			isa = XCBuildConfiguration;
			buildSettings = {
				EXECUTABLE_PREFIX = "";
				PRODUCT_NAME = "$(TARGET_NAME)";
			};
			name = Release;
		};
/* End XCBuildConfiguration section */

/* Begin XCConfigurationList section */
		65A57B451410BC6C00B22EFA /* Build configuration list for PBXProject "libopenxds_core_provider" */ = {
			isa = XCConfigurationList;
			buildConfigurations = (
				65A57B4D1410BC6C00B22EFA /* Debug */,
				65A57B4E1410BC6C00B22EFA /* Release */,
			);
			defaultConfigurationIsVisible = 0;
			defaultConfigurationName = Release;
		};
		65A57B4F1410BC6C00B22EFA /* Build configuration list for PBXNativeTarget "libopenxds_core_provider" */ = {
			isa = XCConfigurationList;
			buildConfigurations = (
				65A57B501410BC6C00B22EFA /* Debug */,
				65A57B511410BC6C00B22EFA /* Release */,
			);
			defaultConfigurationIsVisible = 0;
			defaultConfigurationName = Release;
		};
/* End XCConfigurationList section */
	};
	rootObject = 65A57B421410BC6C00B22EFA /* Project object */;
}
